// !$*UTF8*$!
{
	archiveVersion = 1;
	classes = {
	};
	objectVersion = 56;
	objects = {

/* Begin PBXBuildFile section */
		369A067D2C9F1C7500BA4B06 /* AppDelegate.swift in Sources */ = {isa = PBXBuildFile; fileRef = 369A067C2C9F1C7500BA4B06 /* AppDelegate.swift */; };
		369A067F2C9F1C7500BA4B06 /* SceneDelegate.swift in Sources */ = {isa = PBXBuildFile; fileRef = 369A067E2C9F1C7500BA4B06 /* SceneDelegate.swift */; };
		369A06812C9F1C7500BA4B06 /* ViewController.swift in Sources */ = {isa = PBXBuildFile; fileRef = 369A06802C9F1C7500BA4B06 /* ViewController.swift */; };
		369A06842C9F1C7500BA4B06 /* Base in Resources */ = {isa = PBXBuildFile; fileRef = 369A06832C9F1C7500BA4B06 /* Base */; };
		369A06862C9F1C7600BA4B06 /* Assets.xcassets in Resources */ = {isa = PBXBuildFile; fileRef = 369A06852C9F1C7600BA4B06 /* Assets.xcassets */; };
		369A06892C9F1C7600BA4B06 /* Base in Resources */ = {isa = PBXBuildFile; fileRef = 369A06882C9F1C7600BA4B06 /* Base */; };
		369A06942C9F1C7600BA4B06 /* UIScrollView_Example2Tests.swift in Sources */ = {isa = PBXBuildFile; fileRef = 369A06932C9F1C7600BA4B06 /* UIScrollView_Example2Tests.swift */; };
		369A069E2C9F1C7600BA4B06 /* UIScrollView_Example2UITests.swift in Sources */ = {isa = PBXBuildFile; fileRef = 369A069D2C9F1C7600BA4B06 /* UIScrollView_Example2UITests.swift */; };
		369A06A02C9F1C7600BA4B06 /* UIScrollView_Example2UITestsLaunchTests.swift in Sources */ = {isa = PBXBuildFile; fileRef = 369A069F2C9F1C7600BA4B06 /* UIScrollView_Example2UITestsLaunchTests.swift */; };
/* End PBXBuildFile section */

/* Begin PBXContainerItemProxy section */
		369A06902C9F1C7600BA4B06 /* PBXContainerItemProxy */ = {
			isa = PBXContainerItemProxy;
			containerPortal = 369A06712C9F1C7500BA4B06 /* Project object */;
			proxyType = 1;
			remoteGlobalIDString = 369A06782C9F1C7500BA4B06;
			remoteInfo = UIScrollView_Example2;
		};
		369A069A2C9F1C7600BA4B06 /* PBXContainerItemProxy */ = {
			isa = PBXContainerItemProxy;
			containerPortal = 369A06712C9F1C7500BA4B06 /* Project object */;
			proxyType = 1;
			remoteGlobalIDString = 369A06782C9F1C7500BA4B06;
			remoteInfo = UIScrollView_Example2;
		};
/* End PBXContainerItemProxy section */

/* Begin PBXFileReference section */
		369A06792C9F1C7500BA4B06 /* UIScrollView_Example2.app */ = {isa = PBXFileReference; explicitFileType = wrapper.application; includeInIndex = 0; path = UIScrollView_Example2.app; sourceTree = BUILT_PRODUCTS_DIR; };
		369A067C2C9F1C7500BA4B06 /* AppDelegate.swift */ = {isa = PBXFileReference; lastKnownFileType = sourcecode.swift; path = AppDelegate.swift; sourceTree = "<group>"; };
		369A067E2C9F1C7500BA4B06 /* SceneDelegate.swift */ = {isa = PBXFileReference; lastKnownFileType = sourcecode.swift; path = SceneDelegate.swift; sourceTree = "<group>"; };
		369A06802C9F1C7500BA4B06 /* ViewController.swift */ = {isa = PBXFileReference; lastKnownFileType = sourcecode.swift; path = ViewController.swift; sourceTree = "<group>"; };
		369A06832C9F1C7500BA4B06 /* Base */ = {isa = PBXFileReference; lastKnownFileType = file.storyboard; name = Base; path = Base.lproj/Main.storyboard; sourceTree = "<group>"; };
		369A06852C9F1C7600BA4B06 /* Assets.xcassets */ = {isa = PBXFileReference; lastKnownFileType = folder.assetcatalog; path = Assets.xcassets; sourceTree = "<group>"; };
		369A06882C9F1C7600BA4B06 /* Base */ = {isa = PBXFileReference; lastKnownFileType = file.storyboard; name = Base; path = Base.lproj/LaunchScreen.storyboard; sourceTree = "<group>"; };
		369A068A2C9F1C7600BA4B06 /* Info.plist */ = {isa = PBXFileReference; lastKnownFileType = text.plist.xml; path = Info.plist; sourceTree = "<group>"; };
		369A068F2C9F1C7600BA4B06 /* UIScrollView_Example2Tests.xctest */ = {isa = PBXFileReference; explicitFileType = wrapper.cfbundle; includeInIndex = 0; path = UIScrollView_Example2Tests.xctest; sourceTree = BUILT_PRODUCTS_DIR; };
		369A06932C9F1C7600BA4B06 /* UIScrollView_Example2Tests.swift */ = {isa = PBXFileReference; lastKnownFileType = sourcecode.swift; path = UIScrollView_Example2Tests.swift; sourceTree = "<group>"; };
		369A06992C9F1C7600BA4B06 /* UIScrollView_Example2UITests.xctest */ = {isa = PBXFileReference; explicitFileType = wrapper.cfbundle; includeInIndex = 0; path = UIScrollView_Example2UITests.xctest; sourceTree = BUILT_PRODUCTS_DIR; };
		369A069D2C9F1C7600BA4B06 /* UIScrollView_Example2UITests.swift */ = {isa = PBXFileReference; lastKnownFileType = sourcecode.swift; path = UIScrollView_Example2UITests.swift; sourceTree = "<group>"; };
		369A069F2C9F1C7600BA4B06 /* UIScrollView_Example2UITestsLaunchTests.swift */ = {isa = PBXFileReference; lastKnownFileType = sourcecode.swift; path = UIScrollView_Example2UITestsLaunchTests.swift; sourceTree = "<group>"; };
/* End PBXFileReference section */

/* Begin PBXFrameworksBuildPhase section */
		369A06762C9F1C7500BA4B06 /* Frameworks */ = {
			isa = PBXFrameworksBuildPhase;
			buildActionMask = 2147483647;
			files = (
			);
			runOnlyForDeploymentPostprocessing = 0;
		};
		369A068C2C9F1C7600BA4B06 /* Frameworks */ = {
			isa = PBXFrameworksBuildPhase;
			buildActionMask = 2147483647;
			files = (
			);
			runOnlyForDeploymentPostprocessing = 0;
		};
		369A06962C9F1C7600BA4B06 /* Frameworks */ = {
			isa = PBXFrameworksBuildPhase;
			buildActionMask = 2147483647;
			files = (
			);
			runOnlyForDeploymentPostprocessing = 0;
		};
/* End PBXFrameworksBuildPhase section */

/* Begin PBXGroup section */
		369A06702C9F1C7500BA4B06 = {
			isa = PBXGroup;
			children = (
				369A067B2C9F1C7500BA4B06 /* UIScrollView_Example2 */,
				369A06922C9F1C7600BA4B06 /* UIScrollView_Example2Tests */,
				369A069C2C9F1C7600BA4B06 /* UIScrollView_Example2UITests */,
				369A067A2C9F1C7500BA4B06 /* Products */,
			);
			sourceTree = "<group>";
		};
		369A067A2C9F1C7500BA4B06 /* Products */ = {
			isa = PBXGroup;
			children = (
				369A06792C9F1C7500BA4B06 /* UIScrollView_Example2.app */,
				369A068F2C9F1C7600BA4B06 /* UIScrollView_Example2Tests.xctest */,
				369A06992C9F1C7600BA4B06 /* UIScrollView_Example2UITests.xctest */,
			);
			name = Products;
			sourceTree = "<group>";
		};
		369A067B2C9F1C7500BA4B06 /* UIScrollView_Example2 */ = {
			isa = PBXGroup;
			children = (
				369A067C2C9F1C7500BA4B06 /* AppDelegate.swift */,
				369A067E2C9F1C7500BA4B06 /* SceneDelegate.swift */,
				369A06802C9F1C7500BA4B06 /* ViewController.swift */,
				369A06822C9F1C7500BA4B06 /* Main.storyboard */,
				369A06852C9F1C7600BA4B06 /* Assets.xcassets */,
				369A06872C9F1C7600BA4B06 /* LaunchScreen.storyboard */,
				369A068A2C9F1C7600BA4B06 /* Info.plist */,
			);
			path = UIScrollView_Example2;
			sourceTree = "<group>";
		};
		369A06922C9F1C7600BA4B06 /* UIScrollView_Example2Tests */ = {
			isa = PBXGroup;
			children = (
				369A06932C9F1C7600BA4B06 /* UIScrollView_Example2Tests.swift */,
			);
			path = UIScrollView_Example2Tests;
			sourceTree = "<group>";
		};
		369A069C2C9F1C7600BA4B06 /* UIScrollView_Example2UITests */ = {
			isa = PBXGroup;
			children = (
				369A069D2C9F1C7600BA4B06 /* UIScrollView_Example2UITests.swift */,
				369A069F2C9F1C7600BA4B06 /* UIScrollView_Example2UITestsLaunchTests.swift */,
			);
			path = UIScrollView_Example2UITests;
			sourceTree = "<group>";
		};
/* End PBXGroup section */

/* Begin PBXNativeTarget section */
		369A06782C9F1C7500BA4B06 /* UIScrollView_Example2 */ = {
			isa = PBXNativeTarget;
			buildConfigurationList = 369A06A32C9F1C7600BA4B06 /* Build configuration list for PBXNativeTarget "UIScrollView_Example2" */;
			buildPhases = (
				369A06752C9F1C7500BA4B06 /* Sources */,
				369A06762C9F1C7500BA4B06 /* Frameworks */,
				369A06772C9F1C7500BA4B06 /* Resources */,
			);
			buildRules = (
			);
			dependencies = (
			);
			name = UIScrollView_Example2;
			productName = UIScrollView_Example2;
			productReference = 369A06792C9F1C7500BA4B06 /* UIScrollView_Example2.app */;
			productType = "com.apple.product-type.application";
		};
		369A068E2C9F1C7600BA4B06 /* UIScrollView_Example2Tests */ = {
			isa = PBXNativeTarget;
			buildConfigurationList = 369A06A62C9F1C7600BA4B06 /* Build configuration list for PBXNativeTarget "UIScrollView_Example2Tests" */;
			buildPhases = (
				369A068B2C9F1C7600BA4B06 /* Sources */,
				369A068C2C9F1C7600BA4B06 /* Frameworks */,
				369A068D2C9F1C7600BA4B06 /* Resources */,
			);
			buildRules = (
			);
			dependencies = (
				369A06912C9F1C7600BA4B06 /* PBXTargetDependency */,
			);
			name = UIScrollView_Example2Tests;
			productName = UIScrollView_Example2Tests;
			productReference = 369A068F2C9F1C7600BA4B06 /* UIScrollView_Example2Tests.xctest */;
			productType = "com.apple.product-type.bundle.unit-test";
		};
		369A06982C9F1C7600BA4B06 /* UIScrollView_Example2UITests */ = {
			isa = PBXNativeTarget;
			buildConfigurationList = 369A06A92C9F1C7600BA4B06 /* Build configuration list for PBXNativeTarget "UIScrollView_Example2UITests" */;
			buildPhases = (
				369A06952C9F1C7600BA4B06 /* Sources */,
				369A06962C9F1C7600BA4B06 /* Frameworks */,
				369A06972C9F1C7600BA4B06 /* Resources */,
			);
			buildRules = (
			);
			dependencies = (
				369A069B2C9F1C7600BA4B06 /* PBXTargetDependency */,
			);
			name = UIScrollView_Example2UITests;
			productName = UIScrollView_Example2UITests;
			productReference = 369A06992C9F1C7600BA4B06 /* UIScrollView_Example2UITests.xctest */;
			productType = "com.apple.product-type.bundle.ui-testing";
		};
/* End PBXNativeTarget section */

/* Begin PBXProject section */
		369A06712C9F1C7500BA4B06 /* Project object */ = {
			isa = PBXProject;
			attributes = {
				BuildIndependentTargetsInParallel = 1;
				LastSwiftUpdateCheck = 1540;
				LastUpgradeCheck = 1540;
				TargetAttributes = {
					369A06782C9F1C7500BA4B06 = {
						CreatedOnToolsVersion = 15.4;
					};
					369A068E2C9F1C7600BA4B06 = {
						CreatedOnToolsVersion = 15.4;
						TestTargetID = 369A06782C9F1C7500BA4B06;
					};
					369A06982C9F1C7600BA4B06 = {
						CreatedOnToolsVersion = 15.4;
						TestTargetID = 369A06782C9F1C7500BA4B06;
					};
				};
			};
			buildConfigurationList = 369A06742C9F1C7500BA4B06 /* Build configuration list for PBXProject "UIScrollView_Example2" */;
			compatibilityVersion = "Xcode 14.0";
			developmentRegion = en;
			hasScannedForEncodings = 0;
			knownRegions = (
				en,
				Base,
			);
			mainGroup = 369A06702C9F1C7500BA4B06;
			productRefGroup = 369A067A2C9F1C7500BA4B06 /* Products */;
			projectDirPath = "";
			projectRoot = "";
			targets = (
				369A06782C9F1C7500BA4B06 /* UIScrollView_Example2 */,
				369A068E2C9F1C7600BA4B06 /* UIScrollView_Example2Tests */,
				369A06982C9F1C7600BA4B06 /* UIScrollView_Example2UITests */,
			);
		};
/* End PBXProject section */

/* Begin PBXResourcesBuildPhase section */
		369A06772C9F1C7500BA4B06 /* Resources */ = {
			isa = PBXResourcesBuildPhase;
			buildActionMask = 2147483647;
			files = (
				369A06862C9F1C7600BA4B06 /* Assets.xcassets in Resources */,
				369A06892C9F1C7600BA4B06 /* Base in Resources */,
				369A06842C9F1C7500BA4B06 /* Base in Resources */,
			);
			runOnlyForDeploymentPostprocessing = 0;
		};
		369A068D2C9F1C7600BA4B06 /* Resources */ = {
			isa = PBXResourcesBuildPhase;
			buildActionMask = 2147483647;
			files = (
			);
			runOnlyForDeploymentPostprocessing = 0;
		};
		369A06972C9F1C7600BA4B06 /* Resources */ = {
			isa = PBXResourcesBuildPhase;
			buildActionMask = 2147483647;
			files = (
			);
			runOnlyForDeploymentPostprocessing = 0;
		};
/* End PBXResourcesBuildPhase section */

/* Begin PBXSourcesBuildPhase section */
		369A06752C9F1C7500BA4B06 /* Sources */ = {
			isa = PBXSourcesBuildPhase;
			buildActionMask = 2147483647;
			files = (
				369A06812C9F1C7500BA4B06 /* ViewController.swift in Sources */,
				369A067D2C9F1C7500BA4B06 /* AppDelegate.swift in Sources */,
				369A067F2C9F1C7500BA4B06 /* SceneDelegate.swift in Sources */,
			);
			runOnlyForDeploymentPostprocessing = 0;
		};
		369A068B2C9F1C7600BA4B06 /* Sources */ = {
			isa = PBXSourcesBuildPhase;
			buildActionMask = 2147483647;
			files = (
				369A06942C9F1C7600BA4B06 /* UIScrollView_Example2Tests.swift in Sources */,
			);
			runOnlyForDeploymentPostprocessing = 0;
		};
		369A06952C9F1C7600BA4B06 /* Sources */ = {
			isa = PBXSourcesBuildPhase;
			buildActionMask = 2147483647;
			files = (
				369A06A02C9F1C7600BA4B06 /* UIScrollView_Example2UITestsLaunchTests.swift in Sources */,
				369A069E2C9F1C7600BA4B06 /* UIScrollView_Example2UITests.swift in Sources */,
			);
			runOnlyForDeploymentPostprocessing = 0;
		};
/* End PBXSourcesBuildPhase section */

/* Begin PBXTargetDependency section */
		369A06912C9F1C7600BA4B06 /* PBXTargetDependency */ = {
			isa = PBXTargetDependency;
			target = 369A06782C9F1C7500BA4B06 /* UIScrollView_Example2 */;
			targetProxy = 369A06902C9F1C7600BA4B06 /* PBXContainerItemProxy */;
		};
		369A069B2C9F1C7600BA4B06 /* PBXTargetDependency */ = {
			isa = PBXTargetDependency;
			target = 369A06782C9F1C7500BA4B06 /* UIScrollView_Example2 */;
			targetProxy = 369A069A2C9F1C7600BA4B06 /* PBXContainerItemProxy */;
		};
/* End PBXTargetDependency section */

/* Begin PBXVariantGroup section */
		369A06822C9F1C7500BA4B06 /* Main.storyboard */ = {
			isa = PBXVariantGroup;
			children = (
				369A06832C9F1C7500BA4B06 /* Base */,
			);
			name = Main.storyboard;
			sourceTree = "<group>";
		};
		369A06872C9F1C7600BA4B06 /* LaunchScreen.storyboard */ = {
			isa = PBXVariantGroup;
			children = (
				369A06882C9F1C7600BA4B06 /* Base */,
			);
			name = LaunchScreen.storyboard;
			sourceTree = "<group>";
		};
/* End PBXVariantGroup section */

/* Begin XCBuildConfiguration section */
		369A06A12C9F1C7600BA4B06 /* Debug */ = {
			isa = XCBuildConfiguration;
			buildSettings = {
				ALWAYS_SEARCH_USER_PATHS = NO;
				ASSETCATALOG_COMPILER_GENERATE_SWIFT_ASSET_SYMBOL_EXTENSIONS = YES;
				CLANG_ANALYZER_NONNULL = YES;
				CLANG_ANALYZER_NUMBER_OBJECT_CONVERSION = YES_AGGRESSIVE;
				CLANG_CXX_LANGUAGE_STANDARD = "gnu++20";
				CLANG_ENABLE_MODULES = YES;
				CLANG_ENABLE_OBJC_ARC = YES;
				CLANG_ENABLE_OBJC_WEAK = YES;
				CLANG_WARN_BLOCK_CAPTURE_AUTORELEASING = YES;
				CLANG_WARN_BOOL_CONVERSION = YES;
				CLANG_WARN_COMMA = YES;
				CLANG_WARN_CONSTANT_CONVERSION = YES;
				CLANG_WARN_DEPRECATED_OBJC_IMPLEMENTATIONS = YES;
				CLANG_WARN_DIRECT_OBJC_ISA_USAGE = YES_ERROR;
				CLANG_WARN_DOCUMENTATION_COMMENTS = YES;
				CLANG_WARN_EMPTY_BODY = YES;
				CLANG_WARN_ENUM_CONVERSION = YES;
				CLANG_WARN_INFINITE_RECURSION = YES;
				CLANG_WARN_INT_CONVERSION = YES;
				CLANG_WARN_NON_LITERAL_NULL_CONVERSION = YES;
				CLANG_WARN_OBJC_IMPLICIT_RETAIN_SELF = YES;
				CLANG_WARN_OBJC_LITERAL_CONVERSION = YES;
				CLANG_WARN_OBJC_ROOT_CLASS = YES_ERROR;
				CLANG_WARN_QUOTED_INCLUDE_IN_FRAMEWORK_HEADER = YES;
				CLANG_WARN_RANGE_LOOP_ANALYSIS = YES;
				CLANG_WARN_STRICT_PROTOTYPES = YES;
				CLANG_WARN_SUSPICIOUS_MOVE = YES;
				CLANG_WARN_UNGUARDED_AVAILABILITY = YES_AGGRESSIVE;
				CLANG_WARN_UNREACHABLE_CODE = YES;
				CLANG_WARN__DUPLICATE_METHOD_MATCH = YES;
				COPY_PHASE_STRIP = NO;
				DEBUG_INFORMATION_FORMAT = dwarf;
				ENABLE_STRICT_OBJC_MSGSEND = YES;
				ENABLE_TESTABILITY = YES;
				ENABLE_USER_SCRIPT_SANDBOXING = YES;
				GCC_C_LANGUAGE_STANDARD = gnu17;
				GCC_DYNAMIC_NO_PIC = NO;
				GCC_NO_COMMON_BLOCKS = YES;
				GCC_OPTIMIZATION_LEVEL = 0;
				GCC_PREPROCESSOR_DEFINITIONS = (
					"DEBUG=1",
					"$(inherited)",
				);
				GCC_WARN_64_TO_32_BIT_CONVERSION = YES;
				GCC_WARN_ABOUT_RETURN_TYPE = YES_ERROR;
				GCC_WARN_UNDECLARED_SELECTOR = YES;
				GCC_WARN_UNINITIALIZED_AUTOS = YES_AGGRESSIVE;
				GCC_WARN_UNUSED_FUNCTION = YES;
				GCC_WARN_UNUSED_VARIABLE = YES;
				IPHONEOS_DEPLOYMENT_TARGET = 17.5;
				LOCALIZATION_PREFERS_STRING_CATALOGS = YES;
				MTL_ENABLE_DEBUG_INFO = INCLUDE_SOURCE;
				MTL_FAST_MATH = YES;
				ONLY_ACTIVE_ARCH = YES;
				SDKROOT = iphoneos;
				SWIFT_ACTIVE_COMPILATION_CONDITIONS = "DEBUG $(inherited)";
				SWIFT_OPTIMIZATION_LEVEL = "-Onone";
			};
			name = Debug;
		};
		369A06A22C9F1C7600BA4B06 /* Release */ = {
			isa = XCBuildConfiguration;
			buildSettings = {
				ALWAYS_SEARCH_USER_PATHS = NO;
				ASSETCATALOG_COMPILER_GENERATE_SWIFT_ASSET_SYMBOL_EXTENSIONS = YES;
				CLANG_ANALYZER_NONNULL = YES;
				CLANG_ANALYZER_NUMBER_OBJECT_CONVERSION = YES_AGGRESSIVE;
				CLANG_CXX_LANGUAGE_STANDARD = "gnu++20";
				CLANG_ENABLE_MODULES = YES;
				CLANG_ENABLE_OBJC_ARC = YES;
				CLANG_ENABLE_OBJC_WEAK = YES;
				CLANG_WARN_BLOCK_CAPTURE_AUTORELEASING = YES;
				CLANG_WARN_BOOL_CONVERSION = YES;
				CLANG_WARN_COMMA = YES;
				CLANG_WARN_CONSTANT_CONVERSION = YES;
				CLANG_WARN_DEPRECATED_OBJC_IMPLEMENTATIONS = YES;
				CLANG_WARN_DIRECT_OBJC_ISA_USAGE = YES_ERROR;
				CLANG_WARN_DOCUMENTATION_COMMENTS = YES;
				CLANG_WARN_EMPTY_BODY = YES;
				CLANG_WARN_ENUM_CONVERSION = YES;
				CLANG_WARN_INFINITE_RECURSION = YES;
				CLANG_WARN_INT_CONVERSION = YES;
				CLANG_WARN_NON_LITERAL_NULL_CONVERSION = YES;
				CLANG_WARN_OBJC_IMPLICIT_RETAIN_SELF = YES;
				CLANG_WARN_OBJC_LITERAL_CONVERSION = YES;
				CLANG_WARN_OBJC_ROOT_CLASS = YES_ERROR;
				CLANG_WARN_QUOTED_INCLUDE_IN_FRAMEWORK_HEADER = YES;
				CLANG_WARN_RANGE_LOOP_ANALYSIS = YES;
				CLANG_WARN_STRICT_PROTOTYPES = YES;
				CLANG_WARN_SUSPICIOUS_MOVE = YES;
				CLANG_WARN_UNGUARDED_AVAILABILITY = YES_AGGRESSIVE;
				CLANG_WARN_UNREACHABLE_CODE = YES;
				CLANG_WARN__DUPLICATE_METHOD_MATCH = YES;
				COPY_PHASE_STRIP = NO;
				DEBUG_INFORMATION_FORMAT = "dwarf-with-dsym";
				ENABLE_NS_ASSERTIONS = NO;
				ENABLE_STRICT_OBJC_MSGSEND = YES;
				ENABLE_USER_SCRIPT_SANDBOXING = YES;
				GCC_C_LANGUAGE_STANDARD = gnu17;
				GCC_NO_COMMON_BLOCKS = YES;
				GCC_WARN_64_TO_32_BIT_CONVERSION = YES;
				GCC_WARN_ABOUT_RETURN_TYPE = YES_ERROR;
				GCC_WARN_UNDECLARED_SELECTOR = YES;
				GCC_WARN_UNINITIALIZED_AUTOS = YES_AGGRESSIVE;
				GCC_WARN_UNUSED_FUNCTION = YES;
				GCC_WARN_UNUSED_VARIABLE = YES;
				IPHONEOS_DEPLOYMENT_TARGET = 17.5;
				LOCALIZATION_PREFERS_STRING_CATALOGS = YES;
				MTL_ENABLE_DEBUG_INFO = NO;
				MTL_FAST_MATH = YES;
				SDKROOT = iphoneos;
				SWIFT_COMPILATION_MODE = wholemodule;
				VALIDATE_PRODUCT = YES;
			};
			name = Release;
		};
		369A06A42C9F1C7600BA4B06 /* Debug */ = {
			isa = XCBuildConfiguration;
			buildSettings = {
				ASSETCATALOG_COMPILER_APPICON_NAME = AppIcon;
				ASSETCATALOG_COMPILER_GLOBAL_ACCENT_COLOR_NAME = AccentColor;
				CODE_SIGN_STYLE = Automatic;
				CURRENT_PROJECT_VERSION = 1;
				DEVELOPMENT_TEAM = LNT2526U75;
				GENERATE_INFOPLIST_FILE = YES;
				INFOPLIST_FILE = UIScrollView_Example2/Info.plist;
				INFOPLIST_KEY_UIApplicationSupportsIndirectInputEvents = YES;
				INFOPLIST_KEY_UILaunchStoryboardName = LaunchScreen;
				INFOPLIST_KEY_UIMainStoryboardFile = Main;
				INFOPLIST_KEY_UISupportedInterfaceOrientations_iPad = "UIInterfaceOrientationPortrait UIInterfaceOrientationPortraitUpsideDown UIInterfaceOrientationLandscapeLeft UIInterfaceOrientationLandscapeRight";
				INFOPLIST_KEY_UISupportedInterfaceOrientations_iPhone = "UIInterfaceOrientationPortrait UIInterfaceOrientationLandscapeLeft UIInterfaceOrientationLandscapeRight";
				LD_RUNPATH_SEARCH_PATHS = (
					"$(inherited)",
					"@executable_path/Frameworks",
				);
				MARKETING_VERSION = 1.0;
				PRODUCT_BUNDLE_IDENTIFIER = "tao2024.UIScrollView-Example2";
				PRODUCT_NAME = "$(TARGET_NAME)";
				SWIFT_EMIT_LOC_STRINGS = YES;
				SWIFT_VERSION = 5.0;
				TARGETED_DEVICE_FAMILY = "1,2";
			};
			name = Debug;
		};
		369A06A52C9F1C7600BA4B06 /* Release */ = {
			isa = XCBuildConfiguration;
			buildSettings = {
				ASSETCATALOG_COMPILER_APPICON_NAME = AppIcon;
				ASSETCATALOG_COMPILER_GLOBAL_ACCENT_COLOR_NAME = AccentColor;
				CODE_SIGN_STYLE = Automatic;
				CURRENT_PROJECT_VERSION = 1;
				DEVELOPMENT_TEAM = LNT2526U75;
				GENERATE_INFOPLIST_FILE = YES;
				INFOPLIST_FILE = UIScrollView_Example2/Info.plist;
				INFOPLIST_KEY_UIApplicationSupportsIndirectInputEvents = YES;
				INFOPLIST_KEY_UILaunchStoryboardName = LaunchScreen;
				INFOPLIST_KEY_UIMainStoryboardFile = Main;
				INFOPLIST_KEY_UISupportedInterfaceOrientations_iPad = "UIInterfaceOrientationPortrait UIInterfaceOrientationPortraitUpsideDown UIInterfaceOrientationLandscapeLeft UIInterfaceOrientationLandscapeRight";
				INFOPLIST_KEY_UISupportedInterfaceOrientations_iPhone = "UIInterfaceOrientationPortrait UIInterfaceOrientationLandscapeLeft UIInterfaceOrientationLandscapeRight";
				LD_RUNPATH_SEARCH_PATHS = (
					"$(inherited)",
					"@executable_path/Frameworks",
				);
				MARKETING_VERSION = 1.0;
				PRODUCT_BUNDLE_IDENTIFIER = "tao2024.UIScrollView-Example2";
				PRODUCT_NAME = "$(TARGET_NAME)";
				SWIFT_EMIT_LOC_STRINGS = YES;
				SWIFT_VERSION = 5.0;
				TARGETED_DEVICE_FAMILY = "1,2";
			};
			name = Release;
		};
		369A06A72C9F1C7600BA4B06 /* Debug */ = {
			isa = XCBuildConfiguration;
			buildSettings = {
				ALWAYS_EMBED_SWIFT_STANDARD_LIBRARIES = YES;
				BUNDLE_LOADER = "$(TEST_HOST)";
				CODE_SIGN_STYLE = Automatic;
				CURRENT_PROJECT_VERSION = 1;
				DEVELOPMENT_TEAM = LNT2526U75;
				GENERATE_INFOPLIST_FILE = YES;
				IPHONEOS_DEPLOYMENT_TARGET = 17.5;
				MARKETING_VERSION = 1.0;
				PRODUCT_BUNDLE_IDENTIFIER = "tao2024.UIScrollView-Example2Tests";
				PRODUCT_NAME = "$(TARGET_NAME)";
				SWIFT_EMIT_LOC_STRINGS = NO;
				SWIFT_VERSION = 5.0;
				TARGETED_DEVICE_FAMILY = "1,2";
				TEST_HOST = "$(BUILT_PRODUCTS_DIR)/UIScrollView_Example2.app/$(BUNDLE_EXECUTABLE_FOLDER_PATH)/UIScrollView_Example2";
			};
			name = Debug;
		};
		369A06A82C9F1C7600BA4B06 /* Release */ = {
			isa = XCBuildConfiguration;
			buildSettings = {
				ALWAYS_EMBED_SWIFT_STANDARD_LIBRARIES = YES;
				BUNDLE_LOADER = "$(TEST_HOST)";
				CODE_SIGN_STYLE = Automatic;
				CURRENT_PROJECT_VERSION = 1;
				DEVELOPMENT_TEAM = LNT2526U75;
				GENERATE_INFOPLIST_FILE = YES;
				IPHONEOS_DEPLOYMENT_TARGET = 17.5;
				MARKETING_VERSION = 1.0;
				PRODUCT_BUNDLE_IDENTIFIER = "tao2024.UIScrollView-Example2Tests";
				PRODUCT_NAME = "$(TARGET_NAME)";
				SWIFT_EMIT_LOC_STRINGS = NO;
				SWIFT_VERSION = 5.0;
				TARGETED_DEVICE_FAMILY = "1,2";
				TEST_HOST = "$(BUILT_PRODUCTS_DIR)/UIScrollView_Example2.app/$(BUNDLE_EXECUTABLE_FOLDER_PATH)/UIScrollView_Example2";
			};
			name = Release;
		};
		369A06AA2C9F1C7600BA4B06 /* Debug */ = {
			isa = XCBuildConfiguration;
			buildSettings = {
				ALWAYS_EMBED_SWIFT_STANDARD_LIBRARIES = YES;
				CODE_SIGN_STYLE = Automatic;
				CURRENT_PROJECT_VERSION = 1;
				DEVELOPMENT_TEAM = LNT2526U75;
				GENERATE_INFOPLIST_FILE = YES;
				MARKETING_VERSION = 1.0;
				PRODUCT_BUNDLE_IDENTIFIER = "tao2024.UIScrollView-Example2UITests";
				PRODUCT_NAME = "$(TARGET_NAME)";
				SWIFT_EMIT_LOC_STRINGS = NO;
				SWIFT_VERSION = 5.0;
				TARGETED_DEVICE_FAMILY = "1,2";
				TEST_TARGET_NAME = UIScrollView_Example2;
			};
			name = Debug;
		};
		369A06AB2C9F1C7600BA4B06 /* Release */ = {
			isa = XCBuildConfiguration;
			buildSettings = {
				ALWAYS_EMBED_SWIFT_STANDARD_LIBRARIES = YES;
				CODE_SIGN_STYLE = Automatic;
				CURRENT_PROJECT_VERSION = 1;
				DEVELOPMENT_TEAM = LNT2526U75;
				GENERATE_INFOPLIST_FILE = YES;
				MARKETING_VERSION = 1.0;
				PRODUCT_BUNDLE_IDENTIFIER = "tao2024.UIScrollView-Example2UITests";
				PRODUCT_NAME = "$(TARGET_NAME)";
				SWIFT_EMIT_LOC_STRINGS = NO;
				SWIFT_VERSION = 5.0;
				TARGETED_DEVICE_FAMILY = "1,2";
				TEST_TARGET_NAME = UIScrollView_Example2;
			};
			name = Release;
		};
/* End XCBuildConfiguration section */

/* Begin XCConfigurationList section */
		369A06742C9F1C7500BA4B06 /* Build configuration list for PBXProject "UIScrollView_Example2" */ = {
			isa = XCConfigurationList;
			buildConfigurations = (
				369A06A12C9F1C7600BA4B06 /* Debug */,
				369A06A22C9F1C7600BA4B06 /* Release */,
			);
			defaultConfigurationIsVisible = 0;
			defaultConfigurationName = Release;
		};
		369A06A32C9F1C7600BA4B06 /* Build configuration list for PBXNativeTarget "UIScrollView_Example2" */ = {
			isa = XCConfigurationList;
			buildConfigurations = (
				369A06A42C9F1C7600BA4B06 /* Debug */,
				369A06A52C9F1C7600BA4B06 /* Release */,
			);
			defaultConfigurationIsVisible = 0;
			defaultConfigurationName = Release;
		};
		369A06A62C9F1C7600BA4B06 /* Build configuration list for PBXNativeTarget "UIScrollView_Example2Tests" */ = {
			isa = XCConfigurationList;
			buildConfigurations = (
				369A06A72C9F1C7600BA4B06 /* Debug */,
				369A06A82C9F1C7600BA4B06 /* Release */,
			);
			defaultConfigurationIsVisible = 0;
			defaultConfigurationName = Release;
		};
		369A06A92C9F1C7600BA4B06 /* Build configuration list for PBXNativeTarget "UIScrollView_Example2UITests" */ = {
			isa = XCConfigurationList;
			buildConfigurations = (
				369A06AA2C9F1C7600BA4B06 /* Debug */,
				369A06AB2C9F1C7600BA4B06 /* Release */,
			);
			defaultConfigurationIsVisible = 0;
			defaultConfigurationName = Release;
		};
/* End XCConfigurationList section */
	};
	rootObject = 369A06712C9F1C7500BA4B06 /* Project object */;
}
