// !$*UTF8*$!
{
	archiveVersion = 1;
	classes = {
	};
	objectVersion = 56;
	objects = {

/* Begin PBXBuildFile section */
		36B364E82CA2FD0900E0DF20 /* AppDelegate.swift in Sources */ = {isa = PBXBuildFile; fileRef = 36B364E72CA2FD0900E0DF20 /* AppDelegate.swift */; };
		36B364EA2CA2FD0900E0DF20 /* SceneDelegate.swift in Sources */ = {isa = PBXBuildFile; fileRef = 36B364E92CA2FD0900E0DF20 /* SceneDelegate.swift */; };
		36B364EC2CA2FD0900E0DF20 /* ViewController.swift in Sources */ = {isa = PBXBuildFile; fileRef = 36B364EB2CA2FD0900E0DF20 /* ViewController.swift */; };
		36B364EF2CA2FD0900E0DF20 /* Base in Resources */ = {isa = PBXBuildFile; fileRef = 36B364EE2CA2FD0900E0DF20 /* Base */; };
		36B364F12CA2FD0A00E0DF20 /* Assets.xcassets in Resources */ = {isa = PBXBuildFile; fileRef = 36B364F02CA2FD0A00E0DF20 /* Assets.xcassets */; };
		36B364F42CA2FD0A00E0DF20 /* Base in Resources */ = {isa = PBXBuildFile; fileRef = 36B364F32CA2FD0A00E0DF20 /* Base */; };
		36B364FF2CA2FD0A00E0DF20 /* CollectionView_ExampleTests.swift in Sources */ = {isa = PBXBuildFile; fileRef = 36B364FE2CA2FD0A00E0DF20 /* CollectionView_ExampleTests.swift */; };
		36B365092CA2FD0A00E0DF20 /* CollectionView_ExampleUITests.swift in Sources */ = {isa = PBXBuildFile; fileRef = 36B365082CA2FD0A00E0DF20 /* CollectionView_ExampleUITests.swift */; };
		36B3650B2CA2FD0A00E0DF20 /* CollectionView_ExampleUITestsLaunchTests.swift in Sources */ = {isa = PBXBuildFile; fileRef = 36B3650A2CA2FD0A00E0DF20 /* CollectionView_ExampleUITestsLaunchTests.swift */; };
		36B365182CA2FDE000E0DF20 /* CollectionViewCell.swift in Sources */ = {isa = PBXBuildFile; fileRef = 36B365172CA2FDE000E0DF20 /* CollectionViewCell.swift */; };
		36B3651A2CA2FE9B00E0DF20 /* ViewController2.swift in Sources */ = {isa = PBXBuildFile; fileRef = 36B365192CA2FE9B00E0DF20 /* ViewController2.swift */; };
/* End PBXBuildFile section */

/* Begin PBXContainerItemProxy section */
		36B364FB2CA2FD0A00E0DF20 /* PBXContainerItemProxy */ = {
			isa = PBXContainerItemProxy;
			containerPortal = 36B364DC2CA2FD0900E0DF20 /* Project object */;
			proxyType = 1;
			remoteGlobalIDString = 36B364E32CA2FD0900E0DF20;
			remoteInfo = CollectionView_Example;
		};
		36B365052CA2FD0A00E0DF20 /* PBXContainerItemProxy */ = {
			isa = PBXContainerItemProxy;
			containerPortal = 36B364DC2CA2FD0900E0DF20 /* Project object */;
			proxyType = 1;
			remoteGlobalIDString = 36B364E32CA2FD0900E0DF20;
			remoteInfo = CollectionView_Example;
		};
/* End PBXContainerItemProxy section */

/* Begin PBXFileReference section */
		36B364E42CA2FD0900E0DF20 /* CollectionView_Example.app */ = {isa = PBXFileReference; explicitFileType = wrapper.application; includeInIndex = 0; path = CollectionView_Example.app; sourceTree = BUILT_PRODUCTS_DIR; };
		36B364E72CA2FD0900E0DF20 /* AppDelegate.swift */ = {isa = PBXFileReference; lastKnownFileType = sourcecode.swift; path = AppDelegate.swift; sourceTree = "<group>"; };
		36B364E92CA2FD0900E0DF20 /* SceneDelegate.swift */ = {isa = PBXFileReference; lastKnownFileType = sourcecode.swift; path = SceneDelegate.swift; sourceTree = "<group>"; };
		36B364EB2CA2FD0900E0DF20 /* ViewController.swift */ = {isa = PBXFileReference; lastKnownFileType = sourcecode.swift; path = ViewController.swift; sourceTree = "<group>"; };
		36B364EE2CA2FD0900E0DF20 /* Base */ = {isa = PBXFileReference; lastKnownFileType = file.storyboard; name = Base; path = Base.lproj/Main.storyboard; sourceTree = "<group>"; };
		36B364F02CA2FD0A00E0DF20 /* Assets.xcassets */ = {isa = PBXFileReference; lastKnownFileType = folder.assetcatalog; path = Assets.xcassets; sourceTree = "<group>"; };
		36B364F32CA2FD0A00E0DF20 /* Base */ = {isa = PBXFileReference; lastKnownFileType = file.storyboard; name = Base; path = Base.lproj/LaunchScreen.storyboard; sourceTree = "<group>"; };
		36B364F52CA2FD0A00E0DF20 /* Info.plist */ = {isa = PBXFileReference; lastKnownFileType = text.plist.xml; path = Info.plist; sourceTree = "<group>"; };
		36B364FA2CA2FD0A00E0DF20 /* CollectionView_ExampleTests.xctest */ = {isa = PBXFileReference; explicitFileType = wrapper.cfbundle; includeInIndex = 0; path = CollectionView_ExampleTests.xctest; sourceTree = BUILT_PRODUCTS_DIR; };
		36B364FE2CA2FD0A00E0DF20 /* CollectionView_ExampleTests.swift */ = {isa = PBXFileReference; lastKnownFileType = sourcecode.swift; path = CollectionView_ExampleTests.swift; sourceTree = "<group>"; };
		36B365042CA2FD0A00E0DF20 /* CollectionView_ExampleUITests.xctest */ = {isa = PBXFileReference; explicitFileType = wrapper.cfbundle; includeInIndex = 0; path = CollectionView_ExampleUITests.xctest; sourceTree = BUILT_PRODUCTS_DIR; };
		36B365082CA2FD0A00E0DF20 /* CollectionView_ExampleUITests.swift */ = {isa = PBXFileReference; lastKnownFileType = sourcecode.swift; path = CollectionView_ExampleUITests.swift; sourceTree = "<group>"; };
		36B3650A2CA2FD0A00E0DF20 /* CollectionView_ExampleUITestsLaunchTests.swift */ = {isa = PBXFileReference; lastKnownFileType = sourcecode.swift; path = CollectionView_ExampleUITestsLaunchTests.swift; sourceTree = "<group>"; };
		36B365172CA2FDE000E0DF20 /* CollectionViewCell.swift */ = {isa = PBXFileReference; lastKnownFileType = sourcecode.swift; path = CollectionViewCell.swift; sourceTree = "<group>"; };
		36B365192CA2FE9B00E0DF20 /* ViewController2.swift */ = {isa = PBXFileReference; lastKnownFileType = sourcecode.swift; path = ViewController2.swift; sourceTree = "<group>"; };
/* End PBXFileReference section */

/* Begin PBXFrameworksBuildPhase section */
		36B364E12CA2FD0900E0DF20 /* Frameworks */ = {
			isa = PBXFrameworksBuildPhase;
			buildActionMask = 2147483647;
			files = (
			);
			runOnlyForDeploymentPostprocessing = 0;
		};
		36B364F72CA2FD0A00E0DF20 /* Frameworks */ = {
			isa = PBXFrameworksBuildPhase;
			buildActionMask = 2147483647;
			files = (
			);
			runOnlyForDeploymentPostprocessing = 0;
		};
		36B365012CA2FD0A00E0DF20 /* Frameworks */ = {
			isa = PBXFrameworksBuildPhase;
			buildActionMask = 2147483647;
			files = (
			);
			runOnlyForDeploymentPostprocessing = 0;
		};
/* End PBXFrameworksBuildPhase section */

/* Begin PBXGroup section */
		36B364DB2CA2FD0900E0DF20 = {
			isa = PBXGroup;
			children = (
				36B364E62CA2FD0900E0DF20 /* CollectionView_Example */,
				36B364FD2CA2FD0A00E0DF20 /* CollectionView_ExampleTests */,
				36B365072CA2FD0A00E0DF20 /* CollectionView_ExampleUITests */,
				36B364E52CA2FD0900E0DF20 /* Products */,
			);
			sourceTree = "<group>";
		};
		36B364E52CA2FD0900E0DF20 /* Products */ = {
			isa = PBXGroup;
			children = (
				36B364E42CA2FD0900E0DF20 /* CollectionView_Example.app */,
				36B364FA2CA2FD0A00E0DF20 /* CollectionView_ExampleTests.xctest */,
				36B365042CA2FD0A00E0DF20 /* CollectionView_ExampleUITests.xctest */,
			);
			name = Products;
			sourceTree = "<group>";
		};
		36B364E62CA2FD0900E0DF20 /* CollectionView_Example */ = {
			isa = PBXGroup;
			children = (
				36B364E72CA2FD0900E0DF20 /* AppDelegate.swift */,
				36B364F02CA2FD0A00E0DF20 /* Assets.xcassets */,
				36B365172CA2FDE000E0DF20 /* CollectionViewCell.swift */,
				36B364F52CA2FD0A00E0DF20 /* Info.plist */,
				36B364F22CA2FD0A00E0DF20 /* LaunchScreen.storyboard */,
				36B364ED2CA2FD0900E0DF20 /* Main.storyboard */,
				36B364E92CA2FD0900E0DF20 /* SceneDelegate.swift */,
				36B364EB2CA2FD0900E0DF20 /* ViewController.swift */,
				36B365192CA2FE9B00E0DF20 /* ViewController2.swift */,
			);
			path = CollectionView_Example;
			sourceTree = "<group>";
		};
		36B364FD2CA2FD0A00E0DF20 /* CollectionView_ExampleTests */ = {
			isa = PBXGroup;
			children = (
				36B364FE2CA2FD0A00E0DF20 /* CollectionView_ExampleTests.swift */,
			);
			path = CollectionView_ExampleTests;
			sourceTree = "<group>";
		};
		36B365072CA2FD0A00E0DF20 /* CollectionView_ExampleUITests */ = {
			isa = PBXGroup;
			children = (
				36B365082CA2FD0A00E0DF20 /* CollectionView_ExampleUITests.swift */,
				36B3650A2CA2FD0A00E0DF20 /* CollectionView_ExampleUITestsLaunchTests.swift */,
			);
			path = CollectionView_ExampleUITests;
			sourceTree = "<group>";
		};
/* End PBXGroup section */

/* Begin PBXNativeTarget section */
		36B364E32CA2FD0900E0DF20 /* CollectionView_Example */ = {
			isa = PBXNativeTarget;
			buildConfigurationList = 36B3650E2CA2FD0A00E0DF20 /* Build configuration list for PBXNativeTarget "CollectionView_Example" */;
			buildPhases = (
				36B364E02CA2FD0900E0DF20 /* Sources */,
				36B364E12CA2FD0900E0DF20 /* Frameworks */,
				36B364E22CA2FD0900E0DF20 /* Resources */,
			);
			buildRules = (
			);
			dependencies = (
			);
			name = CollectionView_Example;
			productName = CollectionView_Example;
			productReference = 36B364E42CA2FD0900E0DF20 /* CollectionView_Example.app */;
			productType = "com.apple.product-type.application";
		};
		36B364F92CA2FD0A00E0DF20 /* CollectionView_ExampleTests */ = {
			isa = PBXNativeTarget;
			buildConfigurationList = 36B365112CA2FD0A00E0DF20 /* Build configuration list for PBXNativeTarget "CollectionView_ExampleTests" */;
			buildPhases = (
				36B364F62CA2FD0A00E0DF20 /* Sources */,
				36B364F72CA2FD0A00E0DF20 /* Frameworks */,
				36B364F82CA2FD0A00E0DF20 /* Resources */,
			);
			buildRules = (
			);
			dependencies = (
				36B364FC2CA2FD0A00E0DF20 /* PBXTargetDependency */,
			);
			name = CollectionView_ExampleTests;
			productName = CollectionView_ExampleTests;
			productReference = 36B364FA2CA2FD0A00E0DF20 /* CollectionView_ExampleTests.xctest */;
			productType = "com.apple.product-type.bundle.unit-test";
		};
		36B365032CA2FD0A00E0DF20 /* CollectionView_ExampleUITests */ = {
			isa = PBXNativeTarget;
			buildConfigurationList = 36B365142CA2FD0A00E0DF20 /* Build configuration list for PBXNativeTarget "CollectionView_ExampleUITests" */;
			buildPhases = (
				36B365002CA2FD0A00E0DF20 /* Sources */,
				36B365012CA2FD0A00E0DF20 /* Frameworks */,
				36B365022CA2FD0A00E0DF20 /* Resources */,
			);
			buildRules = (
			);
			dependencies = (
				36B365062CA2FD0A00E0DF20 /* PBXTargetDependency */,
			);
			name = CollectionView_ExampleUITests;
			productName = CollectionView_ExampleUITests;
			productReference = 36B365042CA2FD0A00E0DF20 /* CollectionView_ExampleUITests.xctest */;
			productType = "com.apple.product-type.bundle.ui-testing";
		};
/* End PBXNativeTarget section */

/* Begin PBXProject section */
		36B364DC2CA2FD0900E0DF20 /* Project object */ = {
			isa = PBXProject;
			attributes = {
				BuildIndependentTargetsInParallel = 1;
				LastSwiftUpdateCheck = 1540;
				LastUpgradeCheck = 1540;
				TargetAttributes = {
					36B364E32CA2FD0900E0DF20 = {
						CreatedOnToolsVersion = 15.4;
					};
					36B364F92CA2FD0A00E0DF20 = {
						CreatedOnToolsVersion = 15.4;
						TestTargetID = 36B364E32CA2FD0900E0DF20;
					};
					36B365032CA2FD0A00E0DF20 = {
						CreatedOnToolsVersion = 15.4;
						TestTargetID = 36B364E32CA2FD0900E0DF20;
					};
				};
			};
			buildConfigurationList = 36B364DF2CA2FD0900E0DF20 /* Build configuration list for PBXProject "CollectionView_Example" */;
			compatibilityVersion = "Xcode 14.0";
			developmentRegion = en;
			hasScannedForEncodings = 0;
			knownRegions = (
				en,
				Base,
			);
			mainGroup = 36B364DB2CA2FD0900E0DF20;
			productRefGroup = 36B364E52CA2FD0900E0DF20 /* Products */;
			projectDirPath = "";
			projectRoot = "";
			targets = (
				36B364E32CA2FD0900E0DF20 /* CollectionView_Example */,
				36B364F92CA2FD0A00E0DF20 /* CollectionView_ExampleTests */,
				36B365032CA2FD0A00E0DF20 /* CollectionView_ExampleUITests */,
			);
		};
/* End PBXProject section */

/* Begin PBXResourcesBuildPhase section */
		36B364E22CA2FD0900E0DF20 /* Resources */ = {
			isa = PBXResourcesBuildPhase;
			buildActionMask = 2147483647;
			files = (
				36B364F12CA2FD0A00E0DF20 /* Assets.xcassets in Resources */,
				36B364F42CA2FD0A00E0DF20 /* Base in Resources */,
				36B364EF2CA2FD0900E0DF20 /* Base in Resources */,
			);
			runOnlyForDeploymentPostprocessing = 0;
		};
		36B364F82CA2FD0A00E0DF20 /* Resources */ = {
			isa = PBXResourcesBuildPhase;
			buildActionMask = 2147483647;
			files = (
			);
			runOnlyForDeploymentPostprocessing = 0;
		};
		36B365022CA2FD0A00E0DF20 /* Resources */ = {
			isa = PBXResourcesBuildPhase;
			buildActionMask = 2147483647;
			files = (
			);
			runOnlyForDeploymentPostprocessing = 0;
		};
/* End PBXResourcesBuildPhase section */

/* Begin PBXSourcesBuildPhase section */
		36B364E02CA2FD0900E0DF20 /* Sources */ = {
			isa = PBXSourcesBuildPhase;
			buildActionMask = 2147483647;
			files = (
				36B3651A2CA2FE9B00E0DF20 /* ViewController2.swift in Sources */,
				36B364EC2CA2FD0900E0DF20 /* ViewController.swift in Sources */,
				36B364E82CA2FD0900E0DF20 /* AppDelegate.swift in Sources */,
				36B365182CA2FDE000E0DF20 /* CollectionViewCell.swift in Sources */,
				36B364EA2CA2FD0900E0DF20 /* SceneDelegate.swift in Sources */,
			);
			runOnlyForDeploymentPostprocessing = 0;
		};
		36B364F62CA2FD0A00E0DF20 /* Sources */ = {
			isa = PBXSourcesBuildPhase;
			buildActionMask = 2147483647;
			files = (
				36B364FF2CA2FD0A00E0DF20 /* CollectionView_ExampleTests.swift in Sources */,
			);
			runOnlyForDeploymentPostprocessing = 0;
		};
		36B365002CA2FD0A00E0DF20 /* Sources */ = {
			isa = PBXSourcesBuildPhase;
			buildActionMask = 2147483647;
			files = (
				36B3650B2CA2FD0A00E0DF20 /* CollectionView_ExampleUITestsLaunchTests.swift in Sources */,
				36B365092CA2FD0A00E0DF20 /* CollectionView_ExampleUITests.swift in Sources */,
			);
			runOnlyForDeploymentPostprocessing = 0;
		};
/* End PBXSourcesBuildPhase section */

/* Begin PBXTargetDependency section */
		36B364FC2CA2FD0A00E0DF20 /* PBXTargetDependency */ = {
			isa = PBXTargetDependency;
			target = 36B364E32CA2FD0900E0DF20 /* CollectionView_Example */;
			targetProxy = 36B364FB2CA2FD0A00E0DF20 /* PBXContainerItemProxy */;
		};
		36B365062CA2FD0A00E0DF20 /* PBXTargetDependency */ = {
			isa = PBXTargetDependency;
			target = 36B364E32CA2FD0900E0DF20 /* CollectionView_Example */;
			targetProxy = 36B365052CA2FD0A00E0DF20 /* PBXContainerItemProxy */;
		};
/* End PBXTargetDependency section */

/* Begin PBXVariantGroup section */
		36B364ED2CA2FD0900E0DF20 /* Main.storyboard */ = {
			isa = PBXVariantGroup;
			children = (
				36B364EE2CA2FD0900E0DF20 /* Base */,
			);
			name = Main.storyboard;
			sourceTree = "<group>";
		};
		36B364F22CA2FD0A00E0DF20 /* LaunchScreen.storyboard */ = {
			isa = PBXVariantGroup;
			children = (
				36B364F32CA2FD0A00E0DF20 /* Base */,
			);
			name = LaunchScreen.storyboard;
			sourceTree = "<group>";
		};
/* End PBXVariantGroup section */

/* Begin XCBuildConfiguration section */
		36B3650C2CA2FD0A00E0DF20 /* Debug */ = {
			isa = XCBuildConfiguration;
			buildSettings = {
				ALWAYS_SEARCH_USER_PATHS = NO;
				ASSETCATALOG_COMPILER_GENERATE_SWIFT_ASSET_SYMBOL_EXTENSIONS = YES;
				CLANG_ANALYZER_NONNULL = YES;
				CLANG_ANALYZER_NUMBER_OBJECT_CONVERSION = YES_AGGRESSIVE;
				CLANG_CXX_LANGUAGE_STANDARD = "gnu++20";
				CLANG_ENABLE_MODULES = YES;
				CLANG_ENABLE_OBJC_ARC = YES;
				CLANG_ENABLE_OBJC_WEAK = YES;
				CLANG_WARN_BLOCK_CAPTURE_AUTORELEASING = YES;
				CLANG_WARN_BOOL_CONVERSION = YES;
				CLANG_WARN_COMMA = YES;
				CLANG_WARN_CONSTANT_CONVERSION = YES;
				CLANG_WARN_DEPRECATED_OBJC_IMPLEMENTATIONS = YES;
				CLANG_WARN_DIRECT_OBJC_ISA_USAGE = YES_ERROR;
				CLANG_WARN_DOCUMENTATION_COMMENTS = YES;
				CLANG_WARN_EMPTY_BODY = YES;
				CLANG_WARN_ENUM_CONVERSION = YES;
				CLANG_WARN_INFINITE_RECURSION = YES;
				CLANG_WARN_INT_CONVERSION = YES;
				CLANG_WARN_NON_LITERAL_NULL_CONVERSION = YES;
				CLANG_WARN_OBJC_IMPLICIT_RETAIN_SELF = YES;
				CLANG_WARN_OBJC_LITERAL_CONVERSION = YES;
				CLANG_WARN_OBJC_ROOT_CLASS = YES_ERROR;
				CLANG_WARN_QUOTED_INCLUDE_IN_FRAMEWORK_HEADER = YES;
				CLANG_WARN_RANGE_LOOP_ANALYSIS = YES;
				CLANG_WARN_STRICT_PROTOTYPES = YES;
				CLANG_WARN_SUSPICIOUS_MOVE = YES;
				CLANG_WARN_UNGUARDED_AVAILABILITY = YES_AGGRESSIVE;
				CLANG_WARN_UNREACHABLE_CODE = YES;
				CLANG_WARN__DUPLICATE_METHOD_MATCH = YES;
				COPY_PHASE_STRIP = NO;
				DEBUG_INFORMATION_FORMAT = dwarf;
				ENABLE_STRICT_OBJC_MSGSEND = YES;
				ENABLE_TESTABILITY = YES;
				ENABLE_USER_SCRIPT_SANDBOXING = YES;
				GCC_C_LANGUAGE_STANDARD = gnu17;
				GCC_DYNAMIC_NO_PIC = NO;
				GCC_NO_COMMON_BLOCKS = YES;
				GCC_OPTIMIZATION_LEVEL = 0;
				GCC_PREPROCESSOR_DEFINITIONS = (
					"DEBUG=1",
					"$(inherited)",
				);
				GCC_WARN_64_TO_32_BIT_CONVERSION = YES;
				GCC_WARN_ABOUT_RETURN_TYPE = YES_ERROR;
				GCC_WARN_UNDECLARED_SELECTOR = YES;
				GCC_WARN_UNINITIALIZED_AUTOS = YES_AGGRESSIVE;
				GCC_WARN_UNUSED_FUNCTION = YES;
				GCC_WARN_UNUSED_VARIABLE = YES;
				IPHONEOS_DEPLOYMENT_TARGET = 17.5;
				LOCALIZATION_PREFERS_STRING_CATALOGS = YES;
				MTL_ENABLE_DEBUG_INFO = INCLUDE_SOURCE;
				MTL_FAST_MATH = YES;
				ONLY_ACTIVE_ARCH = YES;
				SDKROOT = iphoneos;
				SWIFT_ACTIVE_COMPILATION_CONDITIONS = "DEBUG $(inherited)";
				SWIFT_OPTIMIZATION_LEVEL = "-Onone";
			};
			name = Debug;
		};
		36B3650D2CA2FD0A00E0DF20 /* Release */ = {
			isa = XCBuildConfiguration;
			buildSettings = {
				ALWAYS_SEARCH_USER_PATHS = NO;
				ASSETCATALOG_COMPILER_GENERATE_SWIFT_ASSET_SYMBOL_EXTENSIONS = YES;
				CLANG_ANALYZER_NONNULL = YES;
				CLANG_ANALYZER_NUMBER_OBJECT_CONVERSION = YES_AGGRESSIVE;
				CLANG_CXX_LANGUAGE_STANDARD = "gnu++20";
				CLANG_ENABLE_MODULES = YES;
				CLANG_ENABLE_OBJC_ARC = YES;
				CLANG_ENABLE_OBJC_WEAK = YES;
				CLANG_WARN_BLOCK_CAPTURE_AUTORELEASING = YES;
				CLANG_WARN_BOOL_CONVERSION = YES;
				CLANG_WARN_COMMA = YES;
				CLANG_WARN_CONSTANT_CONVERSION = YES;
				CLANG_WARN_DEPRECATED_OBJC_IMPLEMENTATIONS = YES;
				CLANG_WARN_DIRECT_OBJC_ISA_USAGE = YES_ERROR;
				CLANG_WARN_DOCUMENTATION_COMMENTS = YES;
				CLANG_WARN_EMPTY_BODY = YES;
				CLANG_WARN_ENUM_CONVERSION = YES;
				CLANG_WARN_INFINITE_RECURSION = YES;
				CLANG_WARN_INT_CONVERSION = YES;
				CLANG_WARN_NON_LITERAL_NULL_CONVERSION = YES;
				CLANG_WARN_OBJC_IMPLICIT_RETAIN_SELF = YES;
				CLANG_WARN_OBJC_LITERAL_CONVERSION = YES;
				CLANG_WARN_OBJC_ROOT_CLASS = YES_ERROR;
				CLANG_WARN_QUOTED_INCLUDE_IN_FRAMEWORK_HEADER = YES;
				CLANG_WARN_RANGE_LOOP_ANALYSIS = YES;
				CLANG_WARN_STRICT_PROTOTYPES = YES;
				CLANG_WARN_SUSPICIOUS_MOVE = YES;
				CLANG_WARN_UNGUARDED_AVAILABILITY = YES_AGGRESSIVE;
				CLANG_WARN_UNREACHABLE_CODE = YES;
				CLANG_WARN__DUPLICATE_METHOD_MATCH = YES;
				COPY_PHASE_STRIP = NO;
				DEBUG_INFORMATION_FORMAT = "dwarf-with-dsym";
				ENABLE_NS_ASSERTIONS = NO;
				ENABLE_STRICT_OBJC_MSGSEND = YES;
				ENABLE_USER_SCRIPT_SANDBOXING = YES;
				GCC_C_LANGUAGE_STANDARD = gnu17;
				GCC_NO_COMMON_BLOCKS = YES;
				GCC_WARN_64_TO_32_BIT_CONVERSION = YES;
				GCC_WARN_ABOUT_RETURN_TYPE = YES_ERROR;
				GCC_WARN_UNDECLARED_SELECTOR = YES;
				GCC_WARN_UNINITIALIZED_AUTOS = YES_AGGRESSIVE;
				GCC_WARN_UNUSED_FUNCTION = YES;
				GCC_WARN_UNUSED_VARIABLE = YES;
				IPHONEOS_DEPLOYMENT_TARGET = 17.5;
				LOCALIZATION_PREFERS_STRING_CATALOGS = YES;
				MTL_ENABLE_DEBUG_INFO = NO;
				MTL_FAST_MATH = YES;
				SDKROOT = iphoneos;
				SWIFT_COMPILATION_MODE = wholemodule;
				VALIDATE_PRODUCT = YES;
			};
			name = Release;
		};
		36B3650F2CA2FD0A00E0DF20 /* Debug */ = {
			isa = XCBuildConfiguration;
			buildSettings = {
				ASSETCATALOG_COMPILER_APPICON_NAME = AppIcon;
				ASSETCATALOG_COMPILER_GLOBAL_ACCENT_COLOR_NAME = AccentColor;
				CODE_SIGN_STYLE = Automatic;
				CURRENT_PROJECT_VERSION = 1;
				DEVELOPMENT_TEAM = LNT2526U75;
				GENERATE_INFOPLIST_FILE = YES;
				INFOPLIST_FILE = CollectionView_Example/Info.plist;
				INFOPLIST_KEY_UIApplicationSupportsIndirectInputEvents = YES;
				INFOPLIST_KEY_UILaunchStoryboardName = LaunchScreen;
				INFOPLIST_KEY_UIMainStoryboardFile = Main;
				INFOPLIST_KEY_UISupportedInterfaceOrientations_iPad = "UIInterfaceOrientationPortrait UIInterfaceOrientationPortraitUpsideDown UIInterfaceOrientationLandscapeLeft UIInterfaceOrientationLandscapeRight";
				INFOPLIST_KEY_UISupportedInterfaceOrientations_iPhone = "UIInterfaceOrientationPortrait UIInterfaceOrientationLandscapeLeft UIInterfaceOrientationLandscapeRight";
				LD_RUNPATH_SEARCH_PATHS = (
					"$(inherited)",
					"@executable_path/Frameworks",
				);
				MARKETING_VERSION = 1.0;
				PRODUCT_BUNDLE_IDENTIFIER = "tao2024.CollectionView-Example";
				PRODUCT_NAME = "$(TARGET_NAME)";
				SWIFT_EMIT_LOC_STRINGS = YES;
				SWIFT_VERSION = 5.0;
				TARGETED_DEVICE_FAMILY = "1,2";
			};
			name = Debug;
		};
		36B365102CA2FD0A00E0DF20 /* Release */ = {
			isa = XCBuildConfiguration;
			buildSettings = {
				ASSETCATALOG_COMPILER_APPICON_NAME = AppIcon;
				ASSETCATALOG_COMPILER_GLOBAL_ACCENT_COLOR_NAME = AccentColor;
				CODE_SIGN_STYLE = Automatic;
				CURRENT_PROJECT_VERSION = 1;
				DEVELOPMENT_TEAM = LNT2526U75;
				GENERATE_INFOPLIST_FILE = YES;
				INFOPLIST_FILE = CollectionView_Example/Info.plist;
				INFOPLIST_KEY_UIApplicationSupportsIndirectInputEvents = YES;
				INFOPLIST_KEY_UILaunchStoryboardName = LaunchScreen;
				INFOPLIST_KEY_UIMainStoryboardFile = Main;
				INFOPLIST_KEY_UISupportedInterfaceOrientations_iPad = "UIInterfaceOrientationPortrait UIInterfaceOrientationPortraitUpsideDown UIInterfaceOrientationLandscapeLeft UIInterfaceOrientationLandscapeRight";
				INFOPLIST_KEY_UISupportedInterfaceOrientations_iPhone = "UIInterfaceOrientationPortrait UIInterfaceOrientationLandscapeLeft UIInterfaceOrientationLandscapeRight";
				LD_RUNPATH_SEARCH_PATHS = (
					"$(inherited)",
					"@executable_path/Frameworks",
				);
				MARKETING_VERSION = 1.0;
				PRODUCT_BUNDLE_IDENTIFIER = "tao2024.CollectionView-Example";
				PRODUCT_NAME = "$(TARGET_NAME)";
				SWIFT_EMIT_LOC_STRINGS = YES;
				SWIFT_VERSION = 5.0;
				TARGETED_DEVICE_FAMILY = "1,2";
			};
			name = Release;
		};
		36B365122CA2FD0A00E0DF20 /* Debug */ = {
			isa = XCBuildConfiguration;
			buildSettings = {
				ALWAYS_EMBED_SWIFT_STANDARD_LIBRARIES = YES;
				BUNDLE_LOADER = "$(TEST_HOST)";
				CODE_SIGN_STYLE = Automatic;
				CURRENT_PROJECT_VERSION = 1;
				DEVELOPMENT_TEAM = LNT2526U75;
				GENERATE_INFOPLIST_FILE = YES;
				IPHONEOS_DEPLOYMENT_TARGET = 17.5;
				MARKETING_VERSION = 1.0;
				PRODUCT_BUNDLE_IDENTIFIER = "tao2024.CollectionView-ExampleTests";
				PRODUCT_NAME = "$(TARGET_NAME)";
				SWIFT_EMIT_LOC_STRINGS = NO;
				SWIFT_VERSION = 5.0;
				TARGETED_DEVICE_FAMILY = "1,2";
				TEST_HOST = "$(BUILT_PRODUCTS_DIR)/CollectionView_Example.app/$(BUNDLE_EXECUTABLE_FOLDER_PATH)/CollectionView_Example";
			};
			name = Debug;
		};
		36B365132CA2FD0A00E0DF20 /* Release */ = {
			isa = XCBuildConfiguration;
			buildSettings = {
				ALWAYS_EMBED_SWIFT_STANDARD_LIBRARIES = YES;
				BUNDLE_LOADER = "$(TEST_HOST)";
				CODE_SIGN_STYLE = Automatic;
				CURRENT_PROJECT_VERSION = 1;
				DEVELOPMENT_TEAM = LNT2526U75;
				GENERATE_INFOPLIST_FILE = YES;
				IPHONEOS_DEPLOYMENT_TARGET = 17.5;
				MARKETING_VERSION = 1.0;
				PRODUCT_BUNDLE_IDENTIFIER = "tao2024.CollectionView-ExampleTests";
				PRODUCT_NAME = "$(TARGET_NAME)";
				SWIFT_EMIT_LOC_STRINGS = NO;
				SWIFT_VERSION = 5.0;
				TARGETED_DEVICE_FAMILY = "1,2";
				TEST_HOST = "$(BUILT_PRODUCTS_DIR)/CollectionView_Example.app/$(BUNDLE_EXECUTABLE_FOLDER_PATH)/CollectionView_Example";
			};
			name = Release;
		};
		36B365152CA2FD0A00E0DF20 /* Debug */ = {
			isa = XCBuildConfiguration;
			buildSettings = {
				ALWAYS_EMBED_SWIFT_STANDARD_LIBRARIES = YES;
				CODE_SIGN_STYLE = Automatic;
				CURRENT_PROJECT_VERSION = 1;
				DEVELOPMENT_TEAM = LNT2526U75;
				GENERATE_INFOPLIST_FILE = YES;
				MARKETING_VERSION = 1.0;
				PRODUCT_BUNDLE_IDENTIFIER = "tao2024.CollectionView-ExampleUITests";
				PRODUCT_NAME = "$(TARGET_NAME)";
				SWIFT_EMIT_LOC_STRINGS = NO;
				SWIFT_VERSION = 5.0;
				TARGETED_DEVICE_FAMILY = "1,2";
				TEST_TARGET_NAME = CollectionView_Example;
			};
			name = Debug;
		};
		36B365162CA2FD0A00E0DF20 /* Release */ = {
			isa = XCBuildConfiguration;
			buildSettings = {
				ALWAYS_EMBED_SWIFT_STANDARD_LIBRARIES = YES;
				CODE_SIGN_STYLE = Automatic;
				CURRENT_PROJECT_VERSION = 1;
				DEVELOPMENT_TEAM = LNT2526U75;
				GENERATE_INFOPLIST_FILE = YES;
				MARKETING_VERSION = 1.0;
				PRODUCT_BUNDLE_IDENTIFIER = "tao2024.CollectionView-ExampleUITests";
				PRODUCT_NAME = "$(TARGET_NAME)";
				SWIFT_EMIT_LOC_STRINGS = NO;
				SWIFT_VERSION = 5.0;
				TARGETED_DEVICE_FAMILY = "1,2";
				TEST_TARGET_NAME = CollectionView_Example;
			};
			name = Release;
		};
/* End XCBuildConfiguration section */

/* Begin XCConfigurationList section */
		36B364DF2CA2FD0900E0DF20 /* Build configuration list for PBXProject "CollectionView_Example" */ = {
			isa = XCConfigurationList;
			buildConfigurations = (
				36B3650C2CA2FD0A00E0DF20 /* Debug */,
				36B3650D2CA2FD0A00E0DF20 /* Release */,
			);
			defaultConfigurationIsVisible = 0;
			defaultConfigurationName = Release;
		};
		36B3650E2CA2FD0A00E0DF20 /* Build configuration list for PBXNativeTarget "CollectionView_Example" */ = {
			isa = XCConfigurationList;
			buildConfigurations = (
				36B3650F2CA2FD0A00E0DF20 /* Debug */,
				36B365102CA2FD0A00E0DF20 /* Release */,
			);
			defaultConfigurationIsVisible = 0;
			defaultConfigurationName = Release;
		};
		36B365112CA2FD0A00E0DF20 /* Build configuration list for PBXNativeTarget "CollectionView_ExampleTests" */ = {
			isa = XCConfigurationList;
			buildConfigurations = (
				36B365122CA2FD0A00E0DF20 /* Debug */,
				36B365132CA2FD0A00E0DF20 /* Release */,
			);
			defaultConfigurationIsVisible = 0;
			defaultConfigurationName = Release;
		};
		36B365142CA2FD0A00E0DF20 /* Build configuration list for PBXNativeTarget "CollectionView_ExampleUITests" */ = {
			isa = XCConfigurationList;
			buildConfigurations = (
				36B365152CA2FD0A00E0DF20 /* Debug */,
				36B365162CA2FD0A00E0DF20 /* Release */,
			);
			defaultConfigurationIsVisible = 0;
			defaultConfigurationName = Release;
		};
/* End XCConfigurationList section */
	};
	rootObject = 36B364DC2CA2FD0900E0DF20 /* Project object */;
}
